
Microsoft Visual Studio Solution File, Format Version 12.00
# Visual Studio Version 16
VisualStudioVersion = 16.0.29102.190
MinimumVisualStudioVersion = 10.0.40219.1
Project("{8BC9CEB8-8B4A-11D0-8D11-00A0C91BC942}") = "DBManager", "DBManager\DBManager.vcxproj", "{D563DDA5-767F-4C22-A6DA-E61FB38338E4}"
EndProject
Global
	GlobalSection(SolutionConfigurationPlatforms) = preSolution
		Debug|x64 = Debug|x64
		Debug|x86 = Debug|x86
		Release|x64 = Release|x64
		Release|x86 = Release|x86
	EndGlobalSection
	GlobalSection(ProjectConfigurationPlatforms) = postSolution
		{D563DDA5-767F-4C22-A6DA-E61FB38338E4}.Debug|x64.ActiveCfg = Debug|x64
		{D563DDA5-767F-4C22-A6DA-E61FB38338E4}.Debug|x64.Build.0 = Debug|x64
		{D563DDA5-767F-4C22-A6DA-E61FB38338E4}.Debug|x86.ActiveCfg = Debug|Win32
		{D563DDA5-767F-4C22-A6DA-E61FB38338E4}.Debug|x86.Build.0 = Debug|Win32
		{D563DDA5-767F-4C22-A6DA-E61FB38338E4}.Release|x64.ActiveCfg = Release|x64
		{D563DDA5-767F-4C22-A6DA-E61FB38338E4}.Release|x64.Build.0 = Release|x64
		{D563DDA5-767F-4C22-A6DA-E61FB38338E4}.Release|x86.ActiveCfg = Release|Win32
		{D563DDA5-767F-4C22-A6DA-E61FB38338E4}.Release|x86.Build.0 = Release|Win32
	EndGlobalSection
	GlobalSection(SolutionProperties) = preSolution
		HideSolutionNode = FALSE
	EndGlobalSection
	GlobalSection(ExtensibilityGlobals) = postSolution
		SolutionGuid = {7FBE78B4-403B-4DB4-8B8C-31C8B1E5DBBF}
	EndGlobalSection
EndGlobal
